<Solution>
  <Folder Name="/ApplicationCore/">
    <Project Path="Demo_WebAPI_EventAgenda.ApplicationCore/Demo_WebAPI_EventAgenda.ApplicationCore.csproj" />
  </Folder>
  <Folder Name="/Domain/">
    <Project Path="Demo_WebAPI_EventAgenda.Domain/Demo_WebAPI_EventAgenda.Domain.csproj" />
  </Folder>
  <Folder Name="/Infrastructure/">
    <Project Path="Demo_WebAPI_EventAgenda.Infrastructure.Database/Demo_WebAPI_EventAgenda.Infrastructure.Database.csproj" />
    <Project Path="Demo_WebAPI_EventAgenda.Infrastructure.Mailer/Demo_WebAPI_EventAgenda.Infrastructure.Mailer.csproj" Id="f026d589-499f-423d-8fd7-5be71323325a" />
  </Folder>
  <Folder Name="/Presentation/">
    <Project Path="Demo_WebAPI_EventAgenda.Presentation.WebAPI/Demo_WebAPI_EventAgenda.Presentation.WebAPI.csproj" Id="8b54bce3-6314-48ea-bf77-c88f27ccd430" />
  </Folder>
  <Folder Name="/Éléments de solution/">
    <File Path="readme.md" />
  </Folder>
</Solution>
